// !$*UTF8*$!
{
	archiveVersion = 1;
	classes = {
	};
	objectVersion = 50;
	objects = {

/* Begin PBXBuildFile section */
		7EBC2FE724D641A9002A0C84 /* AppDelegate.swift in Sources */ = {isa = PBXBuildFile; fileRef = 7EBC2FE624D641A9002A0C84 /* AppDelegate.swift */; };
		7EBC2FE924D641A9002A0C84 /* SceneDelegate.swift in Sources */ = {isa = PBXBuildFile; fileRef = 7EBC2FE824D641A9002A0C84 /* SceneDelegate.swift */; };
		7EBC2FEB24D641A9002A0C84 /* ViewController.swift in Sources */ = {isa = PBXBuildFile; fileRef = 7EBC2FEA24D641A9002A0C84 /* ViewController.swift */; };
		7EBC2FEE24D641A9002A0C84 /* Main.storyboard in Resources */ = {isa = PBXBuildFile; fileRef = 7EBC2FEC24D641A9002A0C84 /* Main.storyboard */; };
		7EBC2FF024D641AD002A0C84 /* Assets.xcassets in Resources */ = {isa = PBXBuildFile; fileRef = 7EBC2FEF24D641AD002A0C84 /* Assets.xcassets */; };
		7EBC2FF324D641AD002A0C84 /* LaunchScreen.storyboard in Resources */ = {isa = PBXBuildFile; fileRef = 7EBC2FF124D641AD002A0C84 /* LaunchScreen.storyboard */; };
		7EBC2FFE24D641AD002A0C84 /* TipCalculatorTests.swift in Sources */ = {isa = PBXBuildFile; fileRef = 7EBC2FFD24D641AD002A0C84 /* TipCalculatorTests.swift */; };
		7EBC300924D641AD002A0C84 /* TipCalculatorUITests.swift in Sources */ = {isa = PBXBuildFile; fileRef = 7EBC300824D641AD002A0C84 /* TipCalculatorUITests.swift */; };
/* End PBXBuildFile section */

/* Begin PBXContainerItemProxy section */
		7EBC2FFA24D641AD002A0C84 /* PBXContainerItemProxy */ = {
			isa = PBXContainerItemProxy;
			containerPortal = 7EBC2FDB24D641A9002A0C84 /* Project object */;
			proxyType = 1;
			remoteGlobalIDString = 7EBC2FE224D641A9002A0C84;
			remoteInfo = TipCalculator;
		};
		7EBC300524D641AD002A0C84 /* PBXContainerItemProxy */ = {
			isa = PBXContainerItemProxy;
			containerPortal = 7EBC2FDB24D641A9002A0C84 /* Project object */;
			proxyType = 1;
			remoteGlobalIDString = 7EBC2FE224D641A9002A0C84;
			remoteInfo = TipCalculator;
		};
/* End PBXContainerItemProxy section */

/* Begin PBXFileReference section */
		7EBC2FE324D641A9002A0C84 /* TipCalculator.app */ = {isa = PBXFileReference; explicitFileType = wrapper.application; includeInIndex = 0; path = TipCalculator.app; sourceTree = BUILT_PRODUCTS_DIR; };
		7EBC2FE624D641A9002A0C84 /* AppDelegate.swift */ = {isa = PBXFileReference; lastKnownFileType = sourcecode.swift; path = AppDelegate.swift; sourceTree = "<group>"; };
		7EBC2FE824D641A9002A0C84 /* SceneDelegate.swift */ = {isa = PBXFileReference; lastKnownFileType = sourcecode.swift; path = SceneDelegate.swift; sourceTree = "<group>"; };
		7EBC2FEA24D641A9002A0C84 /* ViewController.swift */ = {isa = PBXFileReference; lastKnownFileType = sourcecode.swift; path = ViewController.swift; sourceTree = "<group>"; };
		7EBC2FED24D641A9002A0C84 /* Base */ = {isa = PBXFileReference; lastKnownFileType = file.storyboard; name = Base; path = Base.lproj/Main.storyboard; sourceTree = "<group>"; };
		7EBC2FEF24D641AD002A0C84 /* Assets.xcassets */ = {isa = PBXFileReference; lastKnownFileType = folder.assetcatalog; path = Assets.xcassets; sourceTree = "<group>"; };
		7EBC2FF224D641AD002A0C84 /* Base */ = {isa = PBXFileReference; lastKnownFileType = file.storyboard; name = Base; path = Base.lproj/LaunchScreen.storyboard; sourceTree = "<group>"; };
		7EBC2FF424D641AD002A0C84 /* Info.plist */ = {isa = PBXFileReference; lastKnownFileType = text.plist.xml; path = Info.plist; sourceTree = "<group>"; };
		7EBC2FF924D641AD002A0C84 /* TipCalculatorTests.xctest */ = {isa = PBXFileReference; explicitFileType = wrapper.cfbundle; includeInIndex = 0; path = TipCalculatorTests.xctest; sourceTree = BUILT_PRODUCTS_DIR; };
		7EBC2FFD24D641AD002A0C84 /* TipCalculatorTests.swift */ = {isa = PBXFileReference; lastKnownFileType = sourcecode.swift; path = TipCalculatorTests.swift; sourceTree = "<group>"; };
		7EBC2FFF24D641AD002A0C84 /* Info.plist */ = {isa = PBXFileReference; lastKnownFileType = text.plist.xml; path = Info.plist; sourceTree = "<group>"; };
		7EBC300424D641AD002A0C84 /* TipCalculatorUITests.xctest */ = {isa = PBXFileReference; explicitFileType = wrapper.cfbundle; includeInIndex = 0; path = TipCalculatorUITests.xctest; sourceTree = BUILT_PRODUCTS_DIR; };
		7EBC300824D641AD002A0C84 /* TipCalculatorUITests.swift */ = {isa = PBXFileReference; lastKnownFileType = sourcecode.swift; path = TipCalculatorUITests.swift; sourceTree = "<group>"; };
		7EBC300A24D641AD002A0C84 /* Info.plist */ = {isa = PBXFileReference; lastKnownFileType = text.plist.xml; path = Info.plist; sourceTree = "<group>"; };
/* End PBXFileReference section */

/* Begin PBXFrameworksBuildPhase section */
		7EBC2FE024D641A9002A0C84 /* Frameworks */ = {
			isa = PBXFrameworksBuildPhase;
			buildActionMask = 2147483647;
			files = (
			);
			runOnlyForDeploymentPostprocessing = 0;
		};
		7EBC2FF624D641AD002A0C84 /* Frameworks */ = {
			isa = PBXFrameworksBuildPhase;
			buildActionMask = 2147483647;
			files = (
			);
			runOnlyForDeploymentPostprocessing = 0;
		};
		7EBC300124D641AD002A0C84 /* Frameworks */ = {
			isa = PBXFrameworksBuildPhase;
			buildActionMask = 2147483647;
			files = (
			);
			runOnlyForDeploymentPostprocessing = 0;
		};
/* End PBXFrameworksBuildPhase section */

/* Begin PBXGroup section */
		7EBC2FDA24D641A9002A0C84 = {
			isa = PBXGroup;
			children = (
				7EBC2FE524D641A9002A0C84 /* TipCalculator */,
				7EBC2FFC24D641AD002A0C84 /* TipCalculatorTests */,
				7EBC300724D641AD002A0C84 /* TipCalculatorUITests */,
				7EBC2FE424D641A9002A0C84 /* Products */,
			);
			sourceTree = "<group>";
		};
		7EBC2FE424D641A9002A0C84 /* Products */ = {
			isa = PBXGroup;
			children = (
				7EBC2FE324D641A9002A0C84 /* TipCalculator.app */,
				7EBC2FF924D641AD002A0C84 /* TipCalculatorTests.xctest */,
				7EBC300424D641AD002A0C84 /* TipCalculatorUITests.xctest */,
			);
			name = Products;
			sourceTree = "<group>";
		};
		7EBC2FE524D641A9002A0C84 /* TipCalculator */ = {
			isa = PBXGroup;
			children = (
				7EBC2FE624D641A9002A0C84 /* AppDelegate.swift */,
				7EBC2FE824D641A9002A0C84 /* SceneDelegate.swift */,
				7EBC2FEA24D641A9002A0C84 /* ViewController.swift */,
				7EBC2FEC24D641A9002A0C84 /* Main.storyboard */,
				7EBC2FEF24D641AD002A0C84 /* Assets.xcassets */,
				7EBC2FF124D641AD002A0C84 /* LaunchScreen.storyboard */,
				7EBC2FF424D641AD002A0C84 /* Info.plist */,
			);
			path = TipCalculator;
			sourceTree = "<group>";
		};
		7EBC2FFC24D641AD002A0C84 /* TipCalculatorTests */ = {
			isa = PBXGroup;
			children = (
				7EBC2FFD24D641AD002A0C84 /* TipCalculatorTests.swift */,
				7EBC2FFF24D641AD002A0C84 /* Info.plist */,
			);
			path = TipCalculatorTests;
			sourceTree = "<group>";
		};
		7EBC300724D641AD002A0C84 /* TipCalculatorUITests */ = {
			isa = PBXGroup;
			children = (
				7EBC300824D641AD002A0C84 /* TipCalculatorUITests.swift */,
				7EBC300A24D641AD002A0C84 /* Info.plist */,
			);
			path = TipCalculatorUITests;
			sourceTree = "<group>";
		};
/* End PBXGroup section */

/* Begin PBXNativeTarget section */
		7EBC2FE224D641A9002A0C84 /* TipCalculator */ = {
			isa = PBXNativeTarget;
			buildConfigurationList = 7EBC300D24D641AD002A0C84 /* Build configuration list for PBXNativeTarget "TipCalculator" */;
			buildPhases = (
				7EBC2FDF24D641A9002A0C84 /* Sources */,
				7EBC2FE024D641A9002A0C84 /* Frameworks */,
				7EBC2FE124D641A9002A0C84 /* Resources */,
			);
			buildRules = (
			);
			dependencies = (
			);
			name = TipCalculator;
			productName = TipCalculator;
			productReference = 7EBC2FE324D641A9002A0C84 /* TipCalculator.app */;
			productType = "com.apple.product-type.application";
		};
		7EBC2FF824D641AD002A0C84 /* TipCalculatorTests */ = {
			isa = PBXNativeTarget;
			buildConfigurationList = 7EBC301024D641AD002A0C84 /* Build configuration list for PBXNativeTarget "TipCalculatorTests" */;
			buildPhases = (
				7EBC2FF524D641AD002A0C84 /* Sources */,
				7EBC2FF624D641AD002A0C84 /* Frameworks */,
				7EBC2FF724D641AD002A0C84 /* Resources */,
			);
			buildRules = (
			);
			dependencies = (
				7EBC2FFB24D641AD002A0C84 /* PBXTargetDependency */,
			);
			name = TipCalculatorTests;
			productName = TipCalculatorTests;
			productReference = 7EBC2FF924D641AD002A0C84 /* TipCalculatorTests.xctest */;
			productType = "com.apple.product-type.bundle.unit-test";
		};
		7EBC300324D641AD002A0C84 /* TipCalculatorUITests */ = {
			isa = PBXNativeTarget;
			buildConfigurationList = 7EBC301324D641AD002A0C84 /* Build configuration list for PBXNativeTarget "TipCalculatorUITests" */;
			buildPhases = (
				7EBC300024D641AD002A0C84 /* Sources */,
				7EBC300124D641AD002A0C84 /* Frameworks */,
				7EBC300224D641AD002A0C84 /* Resources */,
			);
			buildRules = (
			);
			dependencies = (
				7EBC300624D641AD002A0C84 /* PBXTargetDependency */,
			);
			name = TipCalculatorUITests;
			productName = TipCalculatorUITests;
			productReference = 7EBC300424D641AD002A0C84 /* TipCalculatorUITests.xctest */;
			productType = "com.apple.product-type.bundle.ui-testing";
		};
/* End PBXNativeTarget section */

/* Begin PBXProject section */
		7EBC2FDB24D641A9002A0C84 /* Project object */ = {
			isa = PBXProject;
			attributes = {
				LastSwiftUpdateCheck = 1160;
				LastUpgradeCheck = 1160;
				ORGANIZATIONNAME = "Yasiris Ortiz";
				TargetAttributes = {
					7EBC2FE224D641A9002A0C84 = {
						CreatedOnToolsVersion = 11.6;
					};
					7EBC2FF824D641AD002A0C84 = {
						CreatedOnToolsVersion = 11.6;
						TestTargetID = 7EBC2FE224D641A9002A0C84;
					};
					7EBC300324D641AD002A0C84 = {
						CreatedOnToolsVersion = 11.6;
						TestTargetID = 7EBC2FE224D641A9002A0C84;
					};
				};
			};
			buildConfigurationList = 7EBC2FDE24D641A9002A0C84 /* Build configuration list for PBXProject "TipCalculator" */;
			compatibilityVersion = "Xcode 9.3";
			developmentRegion = en;
			hasScannedForEncodings = 0;
			knownRegions = (
				en,
				Base,
			);
			mainGroup = 7EBC2FDA24D641A9002A0C84;
			productRefGroup = 7EBC2FE424D641A9002A0C84 /* Products */;
			projectDirPath = "";
			projectRoot = "";
			targets = (
				7EBC2FE224D641A9002A0C84 /* TipCalculator */,
				7EBC2FF824D641AD002A0C84 /* TipCalculatorTests */,
				7EBC300324D641AD002A0C84 /* TipCalculatorUITests */,
			);
		};
/* End PBXProject section */

/* Begin PBXResourcesBuildPhase section */
		7EBC2FE124D641A9002A0C84 /* Resources */ = {
			isa = PBXResourcesBuildPhase;
			buildActionMask = 2147483647;
			files = (
				7EBC2FF324D641AD002A0C84 /* LaunchScreen.storyboard in Resources */,
				7EBC2FF024D641AD002A0C84 /* Assets.xcassets in Resources */,
				7EBC2FEE24D641A9002A0C84 /* Main.storyboard in Resources */,
			);
			runOnlyForDeploymentPostprocessing = 0;
		};
		7EBC2FF724D641AD002A0C84 /* Resources */ = {
			isa = PBXResourcesBuildPhase;
			buildActionMask = 2147483647;
			files = (
			);
			runOnlyForDeploymentPostprocessing = 0;
		};
		7EBC300224D641AD002A0C84 /* Resources */ = {
			isa = PBXResourcesBuildPhase;
			buildActionMask = 2147483647;
			files = (
			);
			runOnlyForDeploymentPostprocessing = 0;
		};
/* End PBXResourcesBuildPhase section */

/* Begin PBXSourcesBuildPhase section */
		7EBC2FDF24D641A9002A0C84 /* Sources */ = {
			isa = PBXSourcesBuildPhase;
			buildActionMask = 2147483647;
			files = (
				7EBC2FEB24D641A9002A0C84 /* ViewController.swift in Sources */,
				7EBC2FE724D641A9002A0C84 /* AppDelegate.swift in Sources */,
				7EBC2FE924D641A9002A0C84 /* SceneDelegate.swift in Sources */,
			);
			runOnlyForDeploymentPostprocessing = 0;
		};
		7EBC2FF524D641AD002A0C84 /* Sources */ = {
			isa = PBXSourcesBuildPhase;
			buildActionMask = 2147483647;
			files = (
				7EBC2FFE24D641AD002A0C84 /* TipCalculatorTests.swift in Sources */,
			);
			runOnlyForDeploymentPostprocessing = 0;
		};
		7EBC300024D641AD002A0C84 /* Sources */ = {
			isa = PBXSourcesBuildPhase;
			buildActionMask = 2147483647;
			files = (
				7EBC300924D641AD002A0C84 /* TipCalculatorUITests.swift in Sources */,
			);
			runOnlyForDeploymentPostprocessing = 0;
		};
/* End PBXSourcesBuildPhase section */

/* Begin PBXTargetDependency section */
		7EBC2FFB24D641AD002A0C84 /* PBXTargetDependency */ = {
			isa = PBXTargetDependency;
			target = 7EBC2FE224D641A9002A0C84 /* TipCalculator */;
			targetProxy = 7EBC2FFA24D641AD002A0C84 /* PBXContainerItemProxy */;
		};
		7EBC300624D641AD002A0C84 /* PBXTargetDependency */ = {
			isa = PBXTargetDependency;
			target = 7EBC2FE224D641A9002A0C84 /* TipCalculator */;
			targetProxy = 7EBC300524D641AD002A0C84 /* PBXContainerItemProxy */;
		};
/* End PBXTargetDependency section */

/* Begin PBXVariantGroup section */
		7EBC2FEC24D641A9002A0C84 /* Main.storyboard */ = {
			isa = PBXVariantGroup;
			children = (
				7EBC2FED24D641A9002A0C84 /* Base */,
			);
			name = Main.storyboard;
			sourceTree = "<group>";
		};
		7EBC2FF124D641AD002A0C84 /* LaunchScreen.storyboard */ = {
			isa = PBXVariantGroup;
			children = (
				7EBC2FF224D641AD002A0C84 /* Base */,
			);
			name = LaunchScreen.storyboard;
			sourceTree = "<group>";
		};
/* End PBXVariantGroup section */

/* Begin XCBuildConfiguration section */
		7EBC300B24D641AD002A0C84 /* Debug */ = {
			isa = XCBuildConfiguration;
			buildSettings = {
				ALWAYS_SEARCH_USER_PATHS = NO;
				CLANG_ANALYZER_NONNULL = YES;
				CLANG_ANALYZER_NUMBER_OBJECT_CONVERSION = YES_AGGRESSIVE;
				CLANG_CXX_LANGUAGE_STANDARD = "gnu++14";
				CLANG_CXX_LIBRARY = "libc++";
				CLANG_ENABLE_MODULES = YES;
				CLANG_ENABLE_OBJC_ARC = YES;
				CLANG_ENABLE_OBJC_WEAK = YES;
				CLANG_WARN_BLOCK_CAPTURE_AUTORELEASING = YES;
				CLANG_WARN_BOOL_CONVERSION = YES;
				CLANG_WARN_COMMA = YES;
				CLANG_WARN_CONSTANT_CONVERSION = YES;
				CLANG_WARN_DEPRECATED_OBJC_IMPLEMENTATIONS = YES;
				CLANG_WARN_DIRECT_OBJC_ISA_USAGE = YES_ERROR;
				CLANG_WARN_DOCUMENTATION_COMMENTS = YES;
				CLANG_WARN_EMPTY_BODY = YES;
				CLANG_WARN_ENUM_CONVERSION = YES;
				CLANG_WARN_INFINITE_RECURSION = YES;
				CLANG_WARN_INT_CONVERSION = YES;
				CLANG_WARN_NON_LITERAL_NULL_CONVERSION = YES;
				CLANG_WARN_OBJC_IMPLICIT_RETAIN_SELF = YES;
				CLANG_WARN_OBJC_LITERAL_CONVERSION = YES;
				CLANG_WARN_OBJC_ROOT_CLASS = YES_ERROR;
				CLANG_WARN_RANGE_LOOP_ANALYSIS = YES;
				CLANG_WARN_STRICT_PROTOTYPES = YES;
				CLANG_WARN_SUSPICIOUS_MOVE = YES;
				CLANG_WARN_UNGUARDED_AVAILABILITY = YES_AGGRESSIVE;
				CLANG_WARN_UNREACHABLE_CODE = YES;
				CLANG_WARN__DUPLICATE_METHOD_MATCH = YES;
				COPY_PHASE_STRIP = NO;
				DEBUG_INFORMATION_FORMAT = dwarf;
				ENABLE_STRICT_OBJC_MSGSEND = YES;
				ENABLE_TESTABILITY = YES;
				GCC_C_LANGUAGE_STANDARD = gnu11;
				GCC_DYNAMIC_NO_PIC = NO;
				GCC_NO_COMMON_BLOCKS = YES;
				GCC_OPTIMIZATION_LEVEL = 0;
				GCC_PREPROCESSOR_DEFINITIONS = (
					"DEBUG=1",
					"$(inherited)",
				);
				GCC_WARN_64_TO_32_BIT_CONVERSION = YES;
				GCC_WARN_ABOUT_RETURN_TYPE = YES_ERROR;
				GCC_WARN_UNDECLARED_SELECTOR = YES;
				GCC_WARN_UNINITIALIZED_AUTOS = YES_AGGRESSIVE;
				GCC_WARN_UNUSED_FUNCTION = YES;
				GCC_WARN_UNUSED_VARIABLE = YES;
				IPHONEOS_DEPLOYMENT_TARGET = 13.6;
				MTL_ENABLE_DEBUG_INFO = INCLUDE_SOURCE;
				MTL_FAST_MATH = YES;
				ONLY_ACTIVE_ARCH = YES;
				SDKROOT = iphoneos;
				SWIFT_ACTIVE_COMPILATION_CONDITIONS = DEBUG;
				SWIFT_OPTIMIZATION_LEVEL = "-Onone";
			};
			name = Debug;
		};
		7EBC300C24D641AD002A0C84 /* Release */ = {
			isa = XCBuildConfiguration;
			buildSettings = {
				ALWAYS_SEARCH_USER_PATHS = NO;
				CLANG_ANALYZER_NONNULL = YES;
				CLANG_ANALYZER_NUMBER_OBJECT_CONVERSION = YES_AGGRESSIVE;
				CLANG_CXX_LANGUAGE_STANDARD = "gnu++14";
				CLANG_CXX_LIBRARY = "libc++";
				CLANG_ENABLE_MODULES = YES;
				CLANG_ENABLE_OBJC_ARC = YES;
				CLANG_ENABLE_OBJC_WEAK = YES;
				CLANG_WARN_BLOCK_CAPTURE_AUTORELEASING = YES;
				CLANG_WARN_BOOL_CONVERSION = YES;
				CLANG_WARN_COMMA = YES;
				CLANG_WARN_CONSTANT_CONVERSION = YES;
				CLANG_WARN_DEPRECATED_OBJC_IMPLEMENTATIONS = YES;
				CLANG_WARN_DIRECT_OBJC_ISA_USAGE = YES_ERROR;
				CLANG_WARN_DOCUMENTATION_COMMENTS = YES;
				CLANG_WARN_EMPTY_BODY = YES;
				CLANG_WARN_ENUM_CONVERSION = YES;
				CLANG_WARN_INFINITE_RECURSION = YES;
				CLANG_WARN_INT_CONVERSION = YES;
				CLANG_WARN_NON_LITERAL_NULL_CONVERSION = YES;
				CLANG_WARN_OBJC_IMPLICIT_RETAIN_SELF = YES;
				CLANG_WARN_OBJC_LITERAL_CONVERSION = YES;
				CLANG_WARN_OBJC_ROOT_CLASS = YES_ERROR;
				CLANG_WARN_RANGE_LOOP_ANALYSIS = YES;
				CLANG_WARN_STRICT_PROTOTYPES = YES;
				CLANG_WARN_SUSPICIOUS_MOVE = YES;
				CLANG_WARN_UNGUARDED_AVAILABILITY = YES_AGGRESSIVE;
				CLANG_WARN_UNREACHABLE_CODE = YES;
				CLANG_WARN__DUPLICATE_METHOD_MATCH = YES;
				COPY_PHASE_STRIP = NO;
				DEBUG_INFORMATION_FORMAT = "dwarf-with-dsym";
				ENABLE_NS_ASSERTIONS = NO;
				ENABLE_STRICT_OBJC_MSGSEND = YES;
				GCC_C_LANGUAGE_STANDARD = gnu11;
				GCC_NO_COMMON_BLOCKS = YES;
				GCC_WARN_64_TO_32_BIT_CONVERSION = YES;
				GCC_WARN_ABOUT_RETURN_TYPE = YES_ERROR;
				GCC_WARN_UNDECLARED_SELECTOR = YES;
				GCC_WARN_UNINITIALIZED_AUTOS = YES_AGGRESSIVE;
				GCC_WARN_UNUSED_FUNCTION = YES;
				GCC_WARN_UNUSED_VARIABLE = YES;
				IPHONEOS_DEPLOYMENT_TARGET = 13.6;
				MTL_ENABLE_DEBUG_INFO = NO;
				MTL_FAST_MATH = YES;
				SDKROOT = iphoneos;
				SWIFT_COMPILATION_MODE = wholemodule;
				SWIFT_OPTIMIZATION_LEVEL = "-O";
				VALIDATE_PRODUCT = YES;
			};
			name = Release;
		};
		7EBC300E24D641AD002A0C84 /* Debug */ = {
			isa = XCBuildConfiguration;
			buildSettings = {
				ASSETCATALOG_COMPILER_APPICON_NAME = AppIcon;
				CODE_SIGN_STYLE = Automatic;
				DEVELOPMENT_TEAM = YVU2VB2658;
				INFOPLIST_FILE = TipCalculator/Info.plist;
				LD_RUNPATH_SEARCH_PATHS = (
					"$(inherited)",
					"@executable_path/Frameworks",
				);
				PRODUCT_BUNDLE_IDENTIFIER = com.yasiris.TipCalculator;
				PRODUCT_NAME = "$(TARGET_NAME)";
				SWIFT_VERSION = 5.0;
				TARGETED_DEVICE_FAMILY = "1,2";
			};
			name = Debug;
		};
		7EBC300F24D641AD002A0C84 /* Release */ = {
			isa = XCBuildConfiguration;
			buildSettings = {
				ASSETCATALOG_COMPILER_APPICON_NAME = AppIcon;
				CODE_SIGN_STYLE = Automatic;
				DEVELOPMENT_TEAM = YVU2VB2658;
				INFOPLIST_FILE = TipCalculator/Info.plist;
				LD_RUNPATH_SEARCH_PATHS = (
					"$(inherited)",
					"@executable_path/Frameworks",
				);
				PRODUCT_BUNDLE_IDENTIFIER = com.yasiris.TipCalculator;
				PRODUCT_NAME = "$(TARGET_NAME)";
				SWIFT_VERSION = 5.0;
				TARGETED_DEVICE_FAMILY = "1,2";
			};
			name = Release;
		};
		7EBC301124D641AD002A0C84 /* Debug */ = {
			isa = XCBuildConfiguration;
			buildSettings = {
				ALWAYS_EMBED_SWIFT_STANDARD_LIBRARIES = YES;
				BUNDLE_LOADER = "$(TEST_HOST)";
				CODE_SIGN_STYLE = Automatic;
				DEVELOPMENT_TEAM = YVU2VB2658;
				INFOPLIST_FILE = TipCalculatorTests/Info.plist;
				IPHONEOS_DEPLOYMENT_TARGET = 13.6;
				LD_RUNPATH_SEARCH_PATHS = (
					"$(inherited)",
					"@executable_path/Frameworks",
					"@loader_path/Frameworks",
				);
				PRODUCT_BUNDLE_IDENTIFIER = com.yasiris.TipCalculatorTests;
				PRODUCT_NAME = "$(TARGET_NAME)";
				SWIFT_VERSION = 5.0;
				TARGETED_DEVICE_FAMILY = "1,2";
				TEST_HOST = "$(BUILT_PRODUCTS_DIR)/TipCalculator.app/TipCalculator";
			};
			name = Debug;
		};
		7EBC301224D641AD002A0C84 /* Release */ = {
			isa = XCBuildConfiguration;
			buildSettings = {
				ALWAYS_EMBED_SWIFT_STANDARD_LIBRARIES = YES;
				BUNDLE_LOADER = "$(TEST_HOST)";
				CODE_SIGN_STYLE = Automatic;
				DEVELOPMENT_TEAM = YVU2VB2658;
				INFOPLIST_FILE = TipCalculatorTests/Info.plist;
				IPHONEOS_DEPLOYMENT_TARGET = 13.6;
				LD_RUNPATH_SEARCH_PATHS = (
					"$(inherited)",
					"@executable_path/Frameworks",
					"@loader_path/Frameworks",
				);
				PRODUCT_BUNDLE_IDENTIFIER = com.yasiris.TipCalculatorTests;
				PRODUCT_NAME = "$(TARGET_NAME)";
				SWIFT_VERSION = 5.0;
				TARGETED_DEVICE_FAMILY = "1,2";
				TEST_HOST = "$(BUILT_PRODUCTS_DIR)/TipCalculator.app/TipCalculator";
			};
			name = Release;
		};
		7EBC301424D641AD002A0C84 /* Debug */ = {
			isa = XCBuildConfiguration;
			buildSettings = {
				ALWAYS_EMBED_SWIFT_STANDARD_LIBRARIES = YES;
				CODE_SIGN_STYLE = Automatic;
				DEVELOPMENT_TEAM = YVU2VB2658;
				INFOPLIST_FILE = TipCalculatorUITests/Info.plist;
				LD_RUNPATH_SEARCH_PATHS = (
					"$(inherited)",
					"@executable_path/Frameworks",
					"@loader_path/Frameworks",
				);
				PRODUCT_BUNDLE_IDENTIFIER = com.yasiris.TipCalculatorUITests;
				PRODUCT_NAME = "$(TARGET_NAME)";
				SWIFT_VERSION = 5.0;
				TARGETED_DEVICE_FAMILY = "1,2";
				TEST_TARGET_NAME = TipCalculator;
			};
			name = Debug;
		};
		7EBC301524D641AD002A0C84 /* Release */ = {
			isa = XCBuildConfiguration;
			buildSettings = {
				ALWAYS_EMBED_SWIFT_STANDARD_LIBRARIES = YES;
				CODE_SIGN_STYLE = Automatic;
				DEVELOPMENT_TEAM = YVU2VB2658;
				INFOPLIST_FILE = TipCalculatorUITests/Info.plist;
				LD_RUNPATH_SEARCH_PATHS = (
					"$(inherited)",
					"@executable_path/Frameworks",
					"@loader_path/Frameworks",
				);
				PRODUCT_BUNDLE_IDENTIFIER = com.yasiris.TipCalculatorUITests;
				PRODUCT_NAME = "$(TARGET_NAME)";
				SWIFT_VERSION = 5.0;
				TARGETED_DEVICE_FAMILY = "1,2";
				TEST_TARGET_NAME = TipCalculator;
			};
			name = Release;
		};
/* End XCBuildConfiguration section */

/* Begin XCConfigurationList section */
		7EBC2FDE24D641A9002A0C84 /* Build configuration list for PBXProject "TipCalculator" */ = {
			isa = XCConfigurationList;
			buildConfigurations = (
				7EBC300B24D641AD002A0C84 /* Debug */,
				7EBC300C24D641AD002A0C84 /* Release */,
			);
			defaultConfigurationIsVisible = 0;
			defaultConfigurationName = Release;
		};
		7EBC300D24D641AD002A0C84 /* Build configuration list for PBXNativeTarget "TipCalculator" */ = {
			isa = XCConfigurationList;
			buildConfigurations = (
				7EBC300E24D641AD002A0C84 /* Debug */,
				7EBC300F24D641AD002A0C84 /* Release */,
			);
			defaultConfigurationIsVisible = 0;
			defaultConfigurationName = Release;
		};
		7EBC301024D641AD002A0C84 /* Build configuration list for PBXNativeTarget "TipCalculatorTests" */ = {
			isa = XCConfigurationList;
			buildConfigurations = (
				7EBC301124D641AD002A0C84 /* Debug */,
				7EBC301224D641AD002A0C84 /* Release */,
			);
			defaultConfigurationIsVisible = 0;
			defaultConfigurationName = Release;
		};
		7EBC301324D641AD002A0C84 /* Build configuration list for PBXNativeTarget "TipCalculatorUITests" */ = {
			isa = XCConfigurationList;
			buildConfigurations = (
				7EBC301424D641AD002A0C84 /* Debug */,
				7EBC301524D641AD002A0C84 /* Release */,
			);
			defaultConfigurationIsVisible = 0;
			defaultConfigurationName = Release;
		};
/* End XCConfigurationList section */
	};
	rootObject = 7EBC2FDB24D641A9002A0C84 /* Project object */;
}
